
Microsoft Visual Studio Solution File, Format Version 12.00
# Visual Studio Version 16
VisualStudioVersion = 16.0.810.14
MinimumVisualStudioVersion = 10.0.40219.1
Project("{FAE04EC0-301F-11D3-BF4B-00C04F79EFBC}") = "TopTenPops", "TopTenPops.csproj", "{FF5C1E9F-0604-4CAB-9F39-5AA5CF572338}"
EndProject
Global
	GlobalSection(SolutionConfigurationPlatforms) = preSolution
		Debug|Any CPU = Debug|Any CPU
		Release|Any CPU = Release|Any CPU
	EndGlobalSection
	GlobalSection(ProjectConfigurationPlatforms) = postSolution
		{FF5C1E9F-0604-4CAB-9F39-5AA5CF572338}.Debug|Any CPU.ActiveCfg = Debug|Any CPU
		{FF5C1E9F-0604-4CAB-9F39-5AA5CF572338}.Debug|Any CPU.Build.0 = Debug|Any CPU
		{FF5C1E9F-0604-4CAB-9F39-5AA5CF572338}.Release|Any CPU.ActiveCfg = Release|Any CPU
		{FF5C1E9F-0604-4CAB-9F39-5AA5CF572338}.Release|Any CPU.Build.0 = Release|Any CPU
	EndGlobalSection
	GlobalSection(SolutionProperties) = preSolution
		HideSolutionNode = FALSE
	EndGlobalSection
	GlobalSection(ExtensibilityGlobals) = postSolution
		SolutionGuid = {F57B8F06-6411-4BB9-9B3A-70E89BB72F0F}
	EndGlobalSection
EndGlobal
