
Microsoft Visual Studio Solution File, Format Version 12.00
# Visual Studio Version 17
VisualStudioVersion = 17.0.31903.59
MinimumVisualStudioVersion = 10.0.40219.1
Project("{FAE04EC0-301F-11D3-BF4B-00C04F79EFBC}") = "ACM.BL", "ACM.BL\ACM.BL.csproj", "{5DD3EAD2-CF27-4171-976D-31A54BD69462}"
EndProject
Project("{2150E333-8FDC-42A3-9474-1A3956D46DE8}") = "Tests", "Tests", "{E394132C-A4A3-4775-A103-40C28BEEED85}"
EndProject
Project("{FAE04EC0-301F-11D3-BF4B-00C04F79EFBC}") = "ACM.BLTests", "Tests\ACM.BLTests\ACM.BLTests.csproj", "{ECF941C4-4EFF-4455-93BC-28E2F0A195B8}"
EndProject
Project("{FAE04EC0-301F-11D3-BF4B-00C04F79EFBC}") = "ACM.Common", "ACM.Common\ACM.Common.csproj", "{92227E13-36BC-472C-BDC0-FBE15B43280E}"
EndProject
Project("{FAE04EC0-301F-11D3-BF4B-00C04F79EFBC}") = "ACM.CommonTests", "Tests\ACM.CommonTests\ACM.CommonTests.csproj", "{DA8A25C1-0B95-4949-8F07-90F5B54F32AC}"
EndProject
Global
	GlobalSection(SolutionConfigurationPlatforms) = preSolution
		Debug|Any CPU = Debug|Any CPU
		Release|Any CPU = Release|Any CPU
	EndGlobalSection
	GlobalSection(SolutionProperties) = preSolution
		HideSolutionNode = FALSE
	EndGlobalSection
	GlobalSection(ProjectConfigurationPlatforms) = postSolution
		{5DD3EAD2-CF27-4171-976D-31A54BD69462}.Debug|Any CPU.ActiveCfg = Debug|Any CPU
		{5DD3EAD2-CF27-4171-976D-31A54BD69462}.Debug|Any CPU.Build.0 = Debug|Any CPU
		{5DD3EAD2-CF27-4171-976D-31A54BD69462}.Release|Any CPU.ActiveCfg = Release|Any CPU
		{5DD3EAD2-CF27-4171-976D-31A54BD69462}.Release|Any CPU.Build.0 = Release|Any CPU
		{ECF941C4-4EFF-4455-93BC-28E2F0A195B8}.Debug|Any CPU.ActiveCfg = Debug|Any CPU
		{ECF941C4-4EFF-4455-93BC-28E2F0A195B8}.Debug|Any CPU.Build.0 = Debug|Any CPU
		{ECF941C4-4EFF-4455-93BC-28E2F0A195B8}.Release|Any CPU.ActiveCfg = Release|Any CPU
		{ECF941C4-4EFF-4455-93BC-28E2F0A195B8}.Release|Any CPU.Build.0 = Release|Any CPU
		{92227E13-36BC-472C-BDC0-FBE15B43280E}.Debug|Any CPU.ActiveCfg = Debug|Any CPU
		{92227E13-36BC-472C-BDC0-FBE15B43280E}.Debug|Any CPU.Build.0 = Debug|Any CPU
		{92227E13-36BC-472C-BDC0-FBE15B43280E}.Release|Any CPU.ActiveCfg = Release|Any CPU
		{92227E13-36BC-472C-BDC0-FBE15B43280E}.Release|Any CPU.Build.0 = Release|Any CPU
		{DA8A25C1-0B95-4949-8F07-90F5B54F32AC}.Debug|Any CPU.ActiveCfg = Debug|Any CPU
		{DA8A25C1-0B95-4949-8F07-90F5B54F32AC}.Debug|Any CPU.Build.0 = Debug|Any CPU
		{DA8A25C1-0B95-4949-8F07-90F5B54F32AC}.Release|Any CPU.ActiveCfg = Release|Any CPU
		{DA8A25C1-0B95-4949-8F07-90F5B54F32AC}.Release|Any CPU.Build.0 = Release|Any CPU
	EndGlobalSection
	GlobalSection(NestedProjects) = preSolution
		{ECF941C4-4EFF-4455-93BC-28E2F0A195B8} = {E394132C-A4A3-4775-A103-40C28BEEED85}
		{DA8A25C1-0B95-4949-8F07-90F5B54F32AC} = {E394132C-A4A3-4775-A103-40C28BEEED85}
	EndGlobalSection
EndGlobal
